
Microsoft Visual Studio Solution File, Format Version 12.00
Project("{FAE04EC0-301F-11D3-BF4B-00C04F79EFBC}") = "SimpleConsumerProducer.Producer", "SimpleConsumerProducer.Producer\SimpleConsumerProducer.Producer.csproj", "{546BECB5-9B0D-4D27-B730-B6C69972113A}"
EndProject
Project("{FAE04EC0-301F-11D3-BF4B-00C04F79EFBC}") = "Contracts", "Contracts\Contracts.csproj", "{68738394-E956-4804-8E9B-F1F41303B707}"
EndProject
Project("{FAE04EC0-301F-11D3-BF4B-00C04F79EFBC}") = "SimpleConsumerProducer.Consumer", "SimpleConsumerProducer.Consumer\SimpleConsumerProducer.Consumer.csproj", "{FDDDA367-877C-4AFC-8278-2CE9A0FE1248}"
EndProject
Project("{2150E333-8FDC-42A3-9474-1A3956D46DE8}") = "Solution Items", "Solution Items", "{2E8C2EEA-F7DF-43E5-B193-F59A9829DDB5}"
	ProjectSection(SolutionItems) = preProject
		docker-compose.yml = docker-compose.yml
		README.md = README.md
	EndProjectSection
EndProject
Project("{FAE04EC0-301F-11D3-BF4B-00C04F79EFBC}") = "Saga.OrderService", "Saga.OrderService\Saga.OrderService.csproj", "{A4C2A6CA-EDA8-4912-9280-12FD91044B13}"
EndProject
Project("{FAE04EC0-301F-11D3-BF4B-00C04F79EFBC}") = "Saga.DeliveryService", "Saga.DeliveryService\Saga.DeliveryService.csproj", "{B262FFB1-FE7D-4E09-A606-52AD40E33146}"
EndProject
Project("{FAE04EC0-301F-11D3-BF4B-00C04F79EFBC}") = "Saga.PaymentService", "Saga.PaymentService\Saga.PaymentService.csproj", "{D4CAFA96-31BE-4758-954B-CC6C370DDF63}"
EndProject
Project("{FAE04EC0-301F-11D3-BF4B-00C04F79EFBC}") = "Saga.Contracts", "Saga.Contracts\Saga.Contracts.csproj", "{609CBF56-621B-4912-BE6C-873BF5F96F0E}"
EndProject
Global
	GlobalSection(SolutionConfigurationPlatforms) = preSolution
		Debug|Any CPU = Debug|Any CPU
		Release|Any CPU = Release|Any CPU
	EndGlobalSection
	GlobalSection(ProjectConfigurationPlatforms) = postSolution
		{546BECB5-9B0D-4D27-B730-B6C69972113A}.Debug|Any CPU.ActiveCfg = Debug|Any CPU
		{546BECB5-9B0D-4D27-B730-B6C69972113A}.Debug|Any CPU.Build.0 = Debug|Any CPU
		{546BECB5-9B0D-4D27-B730-B6C69972113A}.Release|Any CPU.ActiveCfg = Release|Any CPU
		{546BECB5-9B0D-4D27-B730-B6C69972113A}.Release|Any CPU.Build.0 = Release|Any CPU
		{68738394-E956-4804-8E9B-F1F41303B707}.Debug|Any CPU.ActiveCfg = Debug|Any CPU
		{68738394-E956-4804-8E9B-F1F41303B707}.Debug|Any CPU.Build.0 = Debug|Any CPU
		{68738394-E956-4804-8E9B-F1F41303B707}.Release|Any CPU.ActiveCfg = Release|Any CPU
		{68738394-E956-4804-8E9B-F1F41303B707}.Release|Any CPU.Build.0 = Release|Any CPU
		{FDDDA367-877C-4AFC-8278-2CE9A0FE1248}.Debug|Any CPU.ActiveCfg = Debug|Any CPU
		{FDDDA367-877C-4AFC-8278-2CE9A0FE1248}.Debug|Any CPU.Build.0 = Debug|Any CPU
		{FDDDA367-877C-4AFC-8278-2CE9A0FE1248}.Release|Any CPU.ActiveCfg = Release|Any CPU
		{FDDDA367-877C-4AFC-8278-2CE9A0FE1248}.Release|Any CPU.Build.0 = Release|Any CPU
		{A4C2A6CA-EDA8-4912-9280-12FD91044B13}.Debug|Any CPU.ActiveCfg = Debug|Any CPU
		{A4C2A6CA-EDA8-4912-9280-12FD91044B13}.Debug|Any CPU.Build.0 = Debug|Any CPU
		{A4C2A6CA-EDA8-4912-9280-12FD91044B13}.Release|Any CPU.ActiveCfg = Release|Any CPU
		{A4C2A6CA-EDA8-4912-9280-12FD91044B13}.Release|Any CPU.Build.0 = Release|Any CPU
		{B262FFB1-FE7D-4E09-A606-52AD40E33146}.Debug|Any CPU.ActiveCfg = Debug|Any CPU
		{B262FFB1-FE7D-4E09-A606-52AD40E33146}.Debug|Any CPU.Build.0 = Debug|Any CPU
		{B262FFB1-FE7D-4E09-A606-52AD40E33146}.Release|Any CPU.ActiveCfg = Release|Any CPU
		{B262FFB1-FE7D-4E09-A606-52AD40E33146}.Release|Any CPU.Build.0 = Release|Any CPU
		{D4CAFA96-31BE-4758-954B-CC6C370DDF63}.Debug|Any CPU.ActiveCfg = Debug|Any CPU
		{D4CAFA96-31BE-4758-954B-CC6C370DDF63}.Debug|Any CPU.Build.0 = Debug|Any CPU
		{D4CAFA96-31BE-4758-954B-CC6C370DDF63}.Release|Any CPU.ActiveCfg = Release|Any CPU
		{D4CAFA96-31BE-4758-954B-CC6C370DDF63}.Release|Any CPU.Build.0 = Release|Any CPU
		{609CBF56-621B-4912-BE6C-873BF5F96F0E}.Debug|Any CPU.ActiveCfg = Debug|Any CPU
		{609CBF56-621B-4912-BE6C-873BF5F96F0E}.Debug|Any CPU.Build.0 = Debug|Any CPU
		{609CBF56-621B-4912-BE6C-873BF5F96F0E}.Release|Any CPU.ActiveCfg = Release|Any CPU
		{609CBF56-621B-4912-BE6C-873BF5F96F0E}.Release|Any CPU.Build.0 = Release|Any CPU
	EndGlobalSection
EndGlobal
